
Microsoft Visual Studio Solution File, Format Version 12.00
# Visual Studio Version 17
VisualStudioVersion = 17.1.32319.34
MinimumVisualStudioVersion = 10.0.40219.1
Project("{FAE04EC0-301F-11D3-BF4B-00C04F79EFBC}") = "JayPatelChat.Server", "JayPatelChat\Server\JayPatelChat.Server.csproj", "{216C5909-A608-45B8-BE6E-CE37FB4A12B3}"
EndProject
Project("{FAE04EC0-301F-11D3-BF4B-00C04F79EFBC}") = "JayPatelChat.Client", "JayPatelChat\Client\JayPatelChat.Client.csproj", "{8F093CB2-F76B-43EA-A190-5D086D3673C9}"
EndProject
Project("{FAE04EC0-301F-11D3-BF4B-00C04F79EFBC}") = "JayPatelChat.Shared", "JayPatelChat\Shared\JayPatelChat.Shared.csproj", "{68C57E60-515A-45EA-BD62-5E7834891CD8}"
EndProject
Global
	GlobalSection(SolutionConfigurationPlatforms) = preSolution
		Debug|Any CPU = Debug|Any CPU
		Release|Any CPU = Release|Any CPU
	EndGlobalSection
	GlobalSection(ProjectConfigurationPlatforms) = postSolution
		{216C5909-A608-45B8-BE6E-CE37FB4A12B3}.Debug|Any CPU.ActiveCfg = Debug|Any CPU
		{216C5909-A608-45B8-BE6E-CE37FB4A12B3}.Debug|Any CPU.Build.0 = Debug|Any CPU
		{216C5909-A608-45B8-BE6E-CE37FB4A12B3}.Release|Any CPU.ActiveCfg = Release|Any CPU
		{216C5909-A608-45B8-BE6E-CE37FB4A12B3}.Release|Any CPU.Build.0 = Release|Any CPU
		{8F093CB2-F76B-43EA-A190-5D086D3673C9}.Debug|Any CPU.ActiveCfg = Debug|Any CPU
		{8F093CB2-F76B-43EA-A190-5D086D3673C9}.Debug|Any CPU.Build.0 = Debug|Any CPU
		{8F093CB2-F76B-43EA-A190-5D086D3673C9}.Release|Any CPU.ActiveCfg = Release|Any CPU
		{8F093CB2-F76B-43EA-A190-5D086D3673C9}.Release|Any CPU.Build.0 = Release|Any CPU
		{68C57E60-515A-45EA-BD62-5E7834891CD8}.Debug|Any CPU.ActiveCfg = Debug|Any CPU
		{68C57E60-515A-45EA-BD62-5E7834891CD8}.Debug|Any CPU.Build.0 = Debug|Any CPU
		{68C57E60-515A-45EA-BD62-5E7834891CD8}.Release|Any CPU.ActiveCfg = Release|Any CPU
		{68C57E60-515A-45EA-BD62-5E7834891CD8}.Release|Any CPU.Build.0 = Release|Any CPU
	EndGlobalSection
	GlobalSection(SolutionProperties) = preSolution
		HideSolutionNode = FALSE
	EndGlobalSection
	GlobalSection(ExtensibilityGlobals) = postSolution
		SolutionGuid = {829666DA-653B-4129-8512-64F4439516FB}
	EndGlobalSection
EndGlobal
